{
  "version": 4,
  "terraform_version": "1.5.5",
  "serial": 1,
  "lineage": "eca033bf-f41b-c82e-07bd-04e86a74e8ca",
  "outputs": {},
  "resources": [
    {
      "mode": "managed",
      "type": "local_file",
      "name": "ress1",
      "provider": "provider[\"registry.terraform.io/hashicorp/local\"]",
      "instances": [
        {
          "schema_version": 0,
          "attributes": {
            "content": "Hiii this is Raaz",
            "content_base64": null,
            "content_base64sha256": "I3KBNrcsF6h8LDwkDQ2OqxtEIRVQfiswYB01Eoebwhk=",
            "content_base64sha512": "XV+HSf8YyhMvfqtg0yo1imggTIvyMy1VqTcH1nbji2eR6VO1OH+BIZdR4p3+12/4XNaRMhEBffeJaw61OcP5iQ==",
            "content_md5": "6624c68cbcafef5368a0b65c88f69955",
            "content_sha1": "9a84c957975de96db988ef825ed55acebc891dcc",
            "content_sha256": "23728136b72c17a87c2c3c240d0d8eab1b442115507e2b30601d3512879bc219",
            "content_sha512": "5d5f8749ff18ca132f7eab60d32a358a68204c8bf2332d55a93707d676e38b6791e953b5387f81219751e29dfed76ff85cd6913211017df7896b0eb539c3f989",
            "directory_permission": "0777",
            "file_permission": "0777",
            "filename": "rajnish.txt",
            "id": "9a84c957975de96db988ef825ed55acebc891dcc",
            "sensitive_content": null,
            "source": null
          },
          "sensitive_attributes": []
        }
      ]
    },
    {
      "mode": "managed",
      "type": "local_file",
      "name": "ress2",
      "provider": "provider[\"registry.terraform.io/hashicorp/local\"]",
      "instances": [
        {
          "schema_version": 0,
          "attributes": {
            "content": "This is Raaz",
            "content_base64": null,
            "content_base64sha256": "jvhPl4gdZC+gH5zs+uZf65qw7Xo6oe2E9Qm8zE8ih1E=",
            "content_base64sha512": "jQjFILLlaBfxzuWMltK2X+Pec8PKQ0XIAAo4FUJ9XvcuiNa0B1ETfgjOeaQCeUgIJRMbCOUNX5dlwuZazimyxw==",
            "content_md5": "c9075209f17c93471644edb9929ca12c",
            "content_sha1": "5ea1abc81e4b2ccd59c3ebb2bd32b2d8bb011738",
            "content_sha256": "8ef84f97881d642fa01f9cecfae65feb9ab0ed7a3aa1ed84f509bccc4f228751",
            "content_sha512": "8d08c520b2e56817f1cee58c96d2b65fe3de73c3ca4345c8000a3815427d5ef72e88d6b40751137e08ce79a40279480825131b08e50d5f9765c2e65ace29b2c7",
            "directory_permission": "0777",
            "file_permission": "0444",
            "filename": "Heyyyy",
            "id": "5ea1abc81e4b2ccd59c3ebb2bd32b2d8bb011738",
            "sensitive_content": null,
            "source": null
          },
          "sensitive_attributes": []
        }
      ]
    }
  ],
  "check_results": null
}
